
Microsoft Visual Studio Solution File, Format Version 12.00
Project("{FAE04EC0-301F-11D3-BF4B-00C04F79EFBC}") = "Core", "Core\Core.csproj", "{D7866B2E-041A-4859-93CC-0433FEC7EEB3}"
EndProject
Project("{FAE04EC0-301F-11D3-BF4B-00C04F79EFBC}") = "Simulation", "Simulation\Simulation.csproj", "{C874BF83-DE6F-464D-8158-AA528D71CA42}"
EndProject
Project("{FAE04EC0-301F-11D3-BF4B-00C04F79EFBC}") = "Company", "Company\Company.csproj", "{F35CE1A3-1674-4982-B9A9-C49BF76288C8}"
EndProject
Global
	GlobalSection(SolutionConfigurationPlatforms) = preSolution
		Debug|Any CPU = Debug|Any CPU
		Release|Any CPU = Release|Any CPU
	EndGlobalSection
	GlobalSection(ProjectConfigurationPlatforms) = postSolution
		{D7866B2E-041A-4859-93CC-0433FEC7EEB3}.Debug|Any CPU.ActiveCfg = Debug|Any CPU
		{D7866B2E-041A-4859-93CC-0433FEC7EEB3}.Debug|Any CPU.Build.0 = Debug|Any CPU
		{D7866B2E-041A-4859-93CC-0433FEC7EEB3}.Release|Any CPU.ActiveCfg = Release|Any CPU
		{D7866B2E-041A-4859-93CC-0433FEC7EEB3}.Release|Any CPU.Build.0 = Release|Any CPU
		{C874BF83-DE6F-464D-8158-AA528D71CA42}.Debug|Any CPU.ActiveCfg = Debug|Any CPU
		{C874BF83-DE6F-464D-8158-AA528D71CA42}.Debug|Any CPU.Build.0 = Debug|Any CPU
		{C874BF83-DE6F-464D-8158-AA528D71CA42}.Release|Any CPU.ActiveCfg = Release|Any CPU
		{C874BF83-DE6F-464D-8158-AA528D71CA42}.Release|Any CPU.Build.0 = Release|Any CPU
		{F35CE1A3-1674-4982-B9A9-C49BF76288C8}.Debug|Any CPU.ActiveCfg = Debug|Any CPU
		{F35CE1A3-1674-4982-B9A9-C49BF76288C8}.Debug|Any CPU.Build.0 = Debug|Any CPU
		{F35CE1A3-1674-4982-B9A9-C49BF76288C8}.Release|Any CPU.ActiveCfg = Release|Any CPU
		{F35CE1A3-1674-4982-B9A9-C49BF76288C8}.Release|Any CPU.Build.0 = Release|Any CPU
	EndGlobalSection
EndGlobal
